version = 1
revision = 3
requires-python = ">=3.10"

[[package]]
name = "fieldz"
version = "0.1.3"
source = { registry = "https://pypi.org/simple" }
dependencies = [
    { name = "typing-extensions" },
]
sdist = { url = "https://files.pythonhosted.org/packages/78/c2/9d35a747f439051bff41511178b0b527f1466c7fd4b5a5f7357c136e82bc/fieldz-0.1.3.tar.gz", hash = "sha256:bc21013b2bd5f8a4a782ecef440343ff059fc0a4a2033ae4d616311675260585", size = 18018, upload-time = "2025-09-26T20:42:24.67Z" }
wheels = [
    { url = "https://files.pythonhosted.org/packages/12/a0/5db990f52226aa4e01e268f285fa56ddf233b3b27b993b4ecc751cf2216f/fieldz-0.1.3-py3-none-any.whl", hash = "sha256:f975fc6f250958966e39504f89bf09bad41479b4c5e0b06b36d13fd92fbac792", size = 18227, upload-time = "2025-09-26T20:42:22.894Z" },
]

[[package]]
name = "fieldz-kb"
source = { editable = "." }
dependencies = [
    { name = "fieldz" },
    { name = "inflect" },
    { name = "neomodel" },
]

[package.metadata]
requires-dist = [
    { name = "fieldz", specifier = ">=0.1.2" },
    { name = "inflect", specifier = ">=7.5.0" },
    { name = "neomodel", specifier = ">=5.5.0" },
]

[[package]]
name = "inflect"
version = "7.5.0"
source = { registry = "https://pypi.org/simple" }
dependencies = [
    { name = "more-itertools" },
    { name = "typeguard" },
]
sdist = { url = "https://files.pythonhosted.org/packages/78/c6/943357d44a21fd995723d07ccaddd78023eace03c1846049a2645d4324a3/inflect-7.5.0.tar.gz", hash = "sha256:faf19801c3742ed5a05a8ce388e0d8fe1a07f8d095c82201eb904f5d27ad571f", size = 73751, upload-time = "2024-12-28T17:11:18.897Z" }
wheels = [
    { url = "https://files.pythonhosted.org/packages/8a/eb/427ed2b20a38a4ee29f24dbe4ae2dafab198674fe9a85e3d6adf9e5f5f41/inflect-7.5.0-py3-none-any.whl", hash = "sha256:2aea70e5e70c35d8350b8097396ec155ffd68def678c7ff97f51aa69c1d92344", size = 35197, upload-time = "2024-12-28T17:11:15.931Z" },
]

[[package]]
name = "more-itertools"
version = "10.8.0"
source = { registry = "https://pypi.org/simple" }
sdist = { url = "https://files.pythonhosted.org/packages/ea/5d/38b681d3fce7a266dd9ab73c66959406d565b3e85f21d5e66e1181d93721/more_itertools-10.8.0.tar.gz", hash = "sha256:f638ddf8a1a0d134181275fb5d58b086ead7c6a72429ad725c67503f13ba30bd", size = 137431, upload-time = "2025-09-02T15:23:11.018Z" }
wheels = [
    { url = "https://files.pythonhosted.org/packages/a4/8e/469e5a4a2f5855992e425f3cb33804cc07bf18d48f2db061aec61ce50270/more_itertools-10.8.0-py3-none-any.whl", hash = "sha256:52d4362373dcf7c52546bc4af9a86ee7c4579df9a8dc268be0a2f949d376cc9b", size = 69667, upload-time = "2025-09-02T15:23:09.635Z" },
]

[[package]]
name = "neo4j"
version = "6.0.3"
source = { registry = "https://pypi.org/simple" }
dependencies = [
    { name = "pytz" },
]
sdist = { url = "https://files.pythonhosted.org/packages/60/b2/87534fc0520e5f9db1432bacc3f8d0ce024608010babc4f65b96e0c34906/neo4j-6.0.3.tar.gz", hash = "sha256:7fb79e166e281aafd67d521f6611763ebcdc529f26db506c5605f91ddcd825ea", size = 239653, upload-time = "2025-11-06T16:57:57.012Z" }
wheels = [
    { url = "https://files.pythonhosted.org/packages/ba/fe/55ed1d4636defb57fae1f7be7818820aa8071d45949c91ef8649930e70c5/neo4j-6.0.3-py3-none-any.whl", hash = "sha256:a92023854da96aed4270e0d03d6429cdd7f0d3335eae977370934f4732de5678", size = 325433, upload-time = "2025-11-06T16:57:55.03Z" },
]

[[package]]
name = "neomodel"
version = "6.0.1"
source = { registry = "https://pypi.org/simple" }
dependencies = [
    { name = "neo4j" },
]
sdist = { url = "https://files.pythonhosted.org/packages/47/33/8e408fb3736a7248acbe6816e3c0cbd9f5b4fd22fc82a99fac923497edff/neomodel-6.0.1.tar.gz", hash = "sha256:13744659ff41d7a1a154af46b21f510b22fe2361940c7884ded0f18659a756de", size = 241516, upload-time = "2025-12-31T09:27:58.418Z" }
wheels = [
    { url = "https://files.pythonhosted.org/packages/a2/df/1b92e852019a08773ee4b8ffae1b8b3d121c2d94dffbc2ef1f6df66d646b/neomodel-6.0.1-py3-none-any.whl", hash = "sha256:870b43a9ef6830772197ac6398eb4a058281335449588802cb6c9328b3d9dd40", size = 284737, upload-time = "2025-12-31T09:27:57.197Z" },
]

[[package]]
name = "pytz"
version = "2025.2"
source = { registry = "https://pypi.org/simple" }
sdist = { url = "https://files.pythonhosted.org/packages/f8/bf/abbd3cdfb8fbc7fb3d4d38d320f2441b1e7cbe29be4f23797b4a2b5d8aac/pytz-2025.2.tar.gz", hash = "sha256:360b9e3dbb49a209c21ad61809c7fb453643e048b38924c765813546746e81c3", size = 320884, upload-time = "2025-03-25T02:25:00.538Z" }
wheels = [
    { url = "https://files.pythonhosted.org/packages/81/c4/34e93fe5f5429d7570ec1fa436f1986fb1f00c3e0f43a589fe2bbcd22c3f/pytz-2025.2-py2.py3-none-any.whl", hash = "sha256:5ddf76296dd8c44c26eb8f4b6f35488f3ccbf6fbbd7adee0b7262d43f0ec2f00", size = 509225, upload-time = "2025-03-25T02:24:58.468Z" },
]

[[package]]
name = "typeguard"
version = "4.4.4"
source = { registry = "https://pypi.org/simple" }
dependencies = [
    { name = "typing-extensions" },
]
sdist = { url = "https://files.pythonhosted.org/packages/c7/68/71c1a15b5f65f40e91b65da23b8224dad41349894535a97f63a52e462196/typeguard-4.4.4.tar.gz", hash = "sha256:3a7fd2dffb705d4d0efaed4306a704c89b9dee850b688f060a8b1615a79e5f74", size = 75203, upload-time = "2025-06-18T09:56:07.624Z" }
wheels = [
    { url = "https://files.pythonhosted.org/packages/1b/a9/e3aee762739c1d7528da1c3e06d518503f8b6c439c35549b53735ba52ead/typeguard-4.4.4-py3-none-any.whl", hash = "sha256:b5f562281b6bfa1f5492470464730ef001646128b180769880468bd84b68b09e", size = 34874, upload-time = "2025-06-18T09:56:05.999Z" },
]

[[package]]
name = "typing-extensions"
version = "4.15.0"
source = { registry = "https://pypi.org/simple" }
sdist = { url = "https://files.pythonhosted.org/packages/72/94/1a15dd82efb362ac84269196e94cf00f187f7ed21c242792a923cdb1c61f/typing_extensions-4.15.0.tar.gz", hash = "sha256:0cea48d173cc12fa28ecabc3b837ea3cf6f38c6d1136f85cbaaf598984861466", size = 109391, upload-time = "2025-08-25T13:49:26.313Z" }
wheels = [
    { url = "https://files.pythonhosted.org/packages/18/67/36e9267722cc04a6b9f15c7f3441c2363321a3ea07da7ae0c0707beb2a9c/typing_extensions-4.15.0-py3-none-any.whl", hash = "sha256:f0fa19c6845758ab08074a0cfa8b7aecb71c999ca73d62883bc25cc018c4e548", size = 44614, upload-time = "2025-08-25T13:49:24.86Z" },
]
